// !$*UTF8*$!
{
	archiveVersion = 1;
	classes = {
	};
	objectVersion = 46;
	objects = {

/* Begin PBXBuildFile section */
		CD7D5D37157CFE92007CE873 /* Cocoa.framework in Frameworks */ = {isa = PBXBuildFile; fileRef = CD7D5D36157CFE92007CE873 /* Cocoa.framework */; };
		CD7D5D41157CFE92007CE873 /* InfoPlist.strings in Resources */ = {isa = PBXBuildFile; fileRef = CD7D5D3F157CFE92007CE873 /* InfoPlist.strings */; };
		CD7D5D43157CFE92007CE873 /* main.m in Sources */ = {isa = PBXBuildFile; fileRef = CD7D5D42157CFE92007CE873 /* main.m */; };
		CD7D5D47157CFE92007CE873 /* Credits.rtf in Resources */ = {isa = PBXBuildFile; fileRef = CD7D5D45157CFE92007CE873 /* Credits.rtf */; };
		CD7D5D4A157CFE92007CE873 /* JBAppDelegate.m in Sources */ = {isa = PBXBuildFile; fileRef = CD7D5D49157CFE92007CE873 /* JBAppDelegate.m */; };
		CD7D5D4D157CFE92007CE873 /* MainMenu.xib in Resources */ = {isa = PBXBuildFile; fileRef = CD7D5D4B157CFE92007CE873 /* MainMenu.xib */; };
		CD7D5D55157D00DD007CE873 /* JBTextEditorProcessor.m in Sources */ = {isa = PBXBuildFile; fileRef = CD7D5D54157D00DD007CE873 /* JBTextEditorProcessor.m */; };
/* End PBXBuildFile section */

/* Begin PBXFileReference section */
		CD7D5D32157CFE92007CE873 /* TextEditing.app */ = {isa = PBXFileReference; explicitFileType = wrapper.application; includeInIndex = 0; path = TextEditing.app; sourceTree = BUILT_PRODUCTS_DIR; };
		CD7D5D36157CFE92007CE873 /* Cocoa.framework */ = {isa = PBXFileReference; lastKnownFileType = wrapper.framework; name = Cocoa.framework; path = System/Library/Frameworks/Cocoa.framework; sourceTree = SDKROOT; };
		CD7D5D39157CFE92007CE873 /* AppKit.framework */ = {isa = PBXFileReference; lastKnownFileType = wrapper.framework; name = AppKit.framework; path = System/Library/Frameworks/AppKit.framework; sourceTree = SDKROOT; };
		CD7D5D3A157CFE92007CE873 /* CoreData.framework */ = {isa = PBXFileReference; lastKnownFileType = wrapper.framework; name = CoreData.framework; path = System/Library/Frameworks/CoreData.framework; sourceTree = SDKROOT; };
		CD7D5D3B157CFE92007CE873 /* Foundation.framework */ = {isa = PBXFileReference; lastKnownFileType = wrapper.framework; name = Foundation.framework; path = System/Library/Frameworks/Foundation.framework; sourceTree = SDKROOT; };
		CD7D5D3E157CFE92007CE873 /* TextEditing-Info.plist */ = {isa = PBXFileReference; lastKnownFileType = text.plist.xml; path = "TextEditing-Info.plist"; sourceTree = "<group>"; };
		CD7D5D40157CFE92007CE873 /* en */ = {isa = PBXFileReference; lastKnownFileType = text.plist.strings; name = en; path = en.lproj/InfoPlist.strings; sourceTree = "<group>"; };
		CD7D5D42157CFE92007CE873 /* main.m */ = {isa = PBXFileReference; lastKnownFileType = sourcecode.c.objc; path = main.m; sourceTree = "<group>"; };
		CD7D5D44157CFE92007CE873 /* TextEditing-Prefix.pch */ = {isa = PBXFileReference; lastKnownFileType = sourcecode.c.h; path = "TextEditing-Prefix.pch"; sourceTree = "<group>"; };
		CD7D5D46157CFE92007CE873 /* en */ = {isa = PBXFileReference; lastKnownFileType = text.rtf; name = en; path = en.lproj/Credits.rtf; sourceTree = "<group>"; };
		CD7D5D48157CFE92007CE873 /* JBAppDelegate.h */ = {isa = PBXFileReference; lastKnownFileType = sourcecode.c.h; path = JBAppDelegate.h; sourceTree = "<group>"; };
		CD7D5D49157CFE92007CE873 /* JBAppDelegate.m */ = {isa = PBXFileReference; lastKnownFileType = sourcecode.c.objc; path = JBAppDelegate.m; sourceTree = "<group>"; };
		CD7D5D4C157CFE92007CE873 /* en */ = {isa = PBXFileReference; lastKnownFileType = file.xib; name = en; path = en.lproj/MainMenu.xib; sourceTree = "<group>"; };
		CD7D5D53157D00DD007CE873 /* JBTextEditorProcessor.h */ = {isa = PBXFileReference; fileEncoding = 4; lastKnownFileType = sourcecode.c.h; path = JBTextEditorProcessor.h; sourceTree = "<group>"; };
		CD7D5D54157D00DD007CE873 /* JBTextEditorProcessor.m */ = {isa = PBXFileReference; fileEncoding = 4; lastKnownFileType = sourcecode.c.objc; path = JBTextEditorProcessor.m; sourceTree = "<group>"; };
/* End PBXFileReference section */

/* Begin PBXFrameworksBuildPhase section */
		CD7D5D2F157CFE92007CE873 /* Frameworks */ = {
			isa = PBXFrameworksBuildPhase;
			buildActionMask = 2147483647;
			files = (
				CD7D5D37157CFE92007CE873 /* Cocoa.framework in Frameworks */,
			);
			runOnlyForDeploymentPostprocessing = 0;
		};
/* End PBXFrameworksBuildPhase section */

/* Begin PBXGroup section */
		CD7D5D27157CFE92007CE873 = {
			isa = PBXGroup;
			children = (
				CD7D5D3C157CFE92007CE873 /* TextEditing */,
				CD7D5D35157CFE92007CE873 /* Frameworks */,
				CD7D5D33157CFE92007CE873 /* Products */,
			);
			sourceTree = "<group>";
		};
		CD7D5D33157CFE92007CE873 /* Products */ = {
			isa = PBXGroup;
			children = (
				CD7D5D32157CFE92007CE873 /* TextEditing.app */,
			);
			name = Products;
			sourceTree = "<group>";
		};
		CD7D5D35157CFE92007CE873 /* Frameworks */ = {
			isa = PBXGroup;
			children = (
				CD7D5D36157CFE92007CE873 /* Cocoa.framework */,
				CD7D5D38157CFE92007CE873 /* Other Frameworks */,
			);
			name = Frameworks;
			sourceTree = "<group>";
		};
		CD7D5D38157CFE92007CE873 /* Other Frameworks */ = {
			isa = PBXGroup;
			children = (
				CD7D5D39157CFE92007CE873 /* AppKit.framework */,
				CD7D5D3A157CFE92007CE873 /* CoreData.framework */,
				CD7D5D3B157CFE92007CE873 /* Foundation.framework */,
			);
			name = "Other Frameworks";
			sourceTree = "<group>";
		};
		CD7D5D3C157CFE92007CE873 /* TextEditing */ = {
			isa = PBXGroup;
			children = (
				CD7D5D48157CFE92007CE873 /* JBAppDelegate.h */,
				CD7D5D49157CFE92007CE873 /* JBAppDelegate.m */,
				CD7D5D53157D00DD007CE873 /* JBTextEditorProcessor.h */,
				CD7D5D54157D00DD007CE873 /* JBTextEditorProcessor.m */,
				CD7D5D4B157CFE92007CE873 /* MainMenu.xib */,
				CD7D5D3D157CFE92007CE873 /* Supporting Files */,
			);
			path = TextEditing;
			sourceTree = "<group>";
		};
		CD7D5D3D157CFE92007CE873 /* Supporting Files */ = {
			isa = PBXGroup;
			children = (
				CD7D5D3E157CFE92007CE873 /* TextEditing-Info.plist */,
				CD7D5D3F157CFE92007CE873 /* InfoPlist.strings */,
				CD7D5D42157CFE92007CE873 /* main.m */,
				CD7D5D44157CFE92007CE873 /* TextEditing-Prefix.pch */,
				CD7D5D45157CFE92007CE873 /* Credits.rtf */,
			);
			name = "Supporting Files";
			sourceTree = "<group>";
		};
/* End PBXGroup section */

/* Begin PBXNativeTarget section */
		CD7D5D31157CFE92007CE873 /* TextEditing */ = {
			isa = PBXNativeTarget;
			buildConfigurationList = CD7D5D50157CFE92007CE873 /* Build configuration list for PBXNativeTarget "TextEditing" */;
			buildPhases = (
				CD7D5D2E157CFE92007CE873 /* Sources */,
				CD7D5D2F157CFE92007CE873 /* Frameworks */,
				CD7D5D30157CFE92007CE873 /* Resources */,
			);
			buildRules = (
			);
			dependencies = (
			);
			name = TextEditing;
			productName = TextEditing;
			productReference = CD7D5D32157CFE92007CE873 /* TextEditing.app */;
			productType = "com.apple.product-type.application";
		};
/* End PBXNativeTarget section */

/* Begin PBXProject section */
		CD7D5D29157CFE92007CE873 /* Project object */ = {
			isa = PBXProject;
			attributes = {
				CLASSPREFIX = JB;
				LastUpgradeCheck = 0430;
				ORGANIZATIONNAME = "Jason Brennan";
			};
			buildConfigurationList = CD7D5D2C157CFE92007CE873 /* Build configuration list for PBXProject "TextEditing" */;
			compatibilityVersion = "Xcode 3.2";
			developmentRegion = English;
			hasScannedForEncodings = 0;
			knownRegions = (
				en,
			);
			mainGroup = CD7D5D27157CFE92007CE873;
			productRefGroup = CD7D5D33157CFE92007CE873 /* Products */;
			projectDirPath = "";
			projectRoot = "";
			targets = (
				CD7D5D31157CFE92007CE873 /* TextEditing */,
			);
		};
/* End PBXProject section */

/* Begin PBXResourcesBuildPhase section */
		CD7D5D30157CFE92007CE873 /* Resources */ = {
			isa = PBXResourcesBuildPhase;
			buildActionMask = 2147483647;
			files = (
				CD7D5D41157CFE92007CE873 /* InfoPlist.strings in Resources */,
				CD7D5D47157CFE92007CE873 /* Credits.rtf in Resources */,
				CD7D5D4D157CFE92007CE873 /* MainMenu.xib in Resources */,
			);
			runOnlyForDeploymentPostprocessing = 0;
		};
/* End PBXResourcesBuildPhase section */

/* Begin PBXSourcesBuildPhase section */
		CD7D5D2E157CFE92007CE873 /* Sources */ = {
			isa = PBXSourcesBuildPhase;
			buildActionMask = 2147483647;
			files = (
				CD7D5D43157CFE92007CE873 /* main.m in Sources */,
				CD7D5D4A157CFE92007CE873 /* JBAppDelegate.m in Sources */,
				CD7D5D55157D00DD007CE873 /* JBTextEditorProcessor.m in Sources */,
			);
			runOnlyForDeploymentPostprocessing = 0;
		};
/* End PBXSourcesBuildPhase section */

/* Begin PBXVariantGroup section */
		CD7D5D3F157CFE92007CE873 /* InfoPlist.strings */ = {
			isa = PBXVariantGroup;
			children = (
				CD7D5D40157CFE92007CE873 /* en */,
			);
			name = InfoPlist.strings;
			sourceTree = "<group>";
		};
		CD7D5D45157CFE92007CE873 /* Credits.rtf */ = {
			isa = PBXVariantGroup;
			children = (
				CD7D5D46157CFE92007CE873 /* en */,
			);
			name = Credits.rtf;
			sourceTree = "<group>";
		};
		CD7D5D4B157CFE92007CE873 /* MainMenu.xib */ = {
			isa = PBXVariantGroup;
			children = (
				CD7D5D4C157CFE92007CE873 /* en */,
			);
			name = MainMenu.xib;
			sourceTree = "<group>";
		};
/* End PBXVariantGroup section */

/* Begin XCBuildConfiguration section */
		CD7D5D4E157CFE92007CE873 /* Debug */ = {
			isa = XCBuildConfiguration;
			buildSettings = {
				ALWAYS_SEARCH_USER_PATHS = NO;
				ARCHS = "$(ARCHS_STANDARD_64_BIT)";
				CLANG_ENABLE_OBJC_ARC = YES;
				COPY_PHASE_STRIP = NO;
				GCC_C_LANGUAGE_STANDARD = gnu99;
				GCC_DYNAMIC_NO_PIC = NO;
				GCC_ENABLE_OBJC_EXCEPTIONS = YES;
				GCC_OPTIMIZATION_LEVEL = 0;
				GCC_PREPROCESSOR_DEFINITIONS = (
					"DEBUG=1",
					"$(inherited)",
				);
				GCC_SYMBOLS_PRIVATE_EXTERN = NO;
				GCC_VERSION = com.apple.compilers.llvm.clang.1_0;
				GCC_WARN_64_TO_32_BIT_CONVERSION = YES;
				GCC_WARN_ABOUT_RETURN_TYPE = YES;
				GCC_WARN_UNINITIALIZED_AUTOS = YES;
				GCC_WARN_UNUSED_VARIABLE = YES;
				MACOSX_DEPLOYMENT_TARGET = 10.7;
				ONLY_ACTIVE_ARCH = YES;
				SDKROOT = macosx;
			};
			name = Debug;
		};
		CD7D5D4F157CFE92007CE873 /* Release */ = {
			isa = XCBuildConfiguration;
			buildSettings = {
				ALWAYS_SEARCH_USER_PATHS = NO;
				ARCHS = "$(ARCHS_STANDARD_64_BIT)";
				CLANG_ENABLE_OBJC_ARC = YES;
				COPY_PHASE_STRIP = YES;
				DEBUG_INFORMATION_FORMAT = "dwarf-with-dsym";
				GCC_C_LANGUAGE_STANDARD = gnu99;
				GCC_ENABLE_OBJC_EXCEPTIONS = YES;
				GCC_VERSION = com.apple.compilers.llvm.clang.1_0;
				GCC_WARN_64_TO_32_BIT_CONVERSION = YES;
				GCC_WARN_ABOUT_RETURN_TYPE = YES;
				GCC_WARN_UNINITIALIZED_AUTOS = YES;
				GCC_WARN_UNUSED_VARIABLE = YES;
				MACOSX_DEPLOYMENT_TARGET = 10.7;
				SDKROOT = macosx;
			};
			name = Release;
		};
		CD7D5D51157CFE92007CE873 /* Debug */ = {
			isa = XCBuildConfiguration;
			buildSettings = {
				GCC_PRECOMPILE_PREFIX_HEADER = YES;
				GCC_PREFIX_HEADER = "TextEditing/TextEditing-Prefix.pch";
				INFOPLIST_FILE = "TextEditing/TextEditing-Info.plist";
				PRODUCT_NAME = "$(TARGET_NAME)";
				WRAPPER_EXTENSION = app;
			};
			name = Debug;
		};
		CD7D5D52157CFE92007CE873 /* Release */ = {
			isa = XCBuildConfiguration;
			buildSettings = {
				GCC_PRECOMPILE_PREFIX_HEADER = YES;
				GCC_PREFIX_HEADER = "TextEditing/TextEditing-Prefix.pch";
				INFOPLIST_FILE = "TextEditing/TextEditing-Info.plist";
				PRODUCT_NAME = "$(TARGET_NAME)";
				WRAPPER_EXTENSION = app;
			};
			name = Release;
		};
/* End XCBuildConfiguration section */

/* Begin XCConfigurationList section */
		CD7D5D2C157CFE92007CE873 /* Build configuration list for PBXProject "TextEditing" */ = {
			isa = XCConfigurationList;
			buildConfigurations = (
				CD7D5D4E157CFE92007CE873 /* Debug */,
				CD7D5D4F157CFE92007CE873 /* Release */,
			);
			defaultConfigurationIsVisible = 0;
			defaultConfigurationName = Release;
		};
		CD7D5D50157CFE92007CE873 /* Build configuration list for PBXNativeTarget "TextEditing" */ = {
			isa = XCConfigurationList;
			buildConfigurations = (
				CD7D5D51157CFE92007CE873 /* Debug */,
				CD7D5D52157CFE92007CE873 /* Release */,
			);
			defaultConfigurationIsVisible = 0;
		};
/* End XCConfigurationList section */
	};
	rootObject = CD7D5D29157CFE92007CE873 /* Project object */;
}
